{
  "lib/chainlink-brownie-contracts": {
    "tag": {
      "name": "1.1.1",
      "rev": "12393bd475bd60c222ff12e75c0f68effe1bbaaf"
    }
  },
  "lib/forge-std": {
    "tag": {
      "name": "v1.8.2",
      "rev": "978ac6fadb62f5f0b723c996f64be52eddba6801"
    }
  },
  "lib/foundry-devops": {
    "tag": {
      "name": "0.2.2",
      "rev": "df9f90b490423578142b5dd50752db9427efb2ac"
    }
  }
}